// !$*UTF8*$!
{
	archiveVersion = 1;
	classes = {
	};
	objectVersion = 46;
	objects = {

/* Begin PBXBuildFile section */
		BB6CC34718EDFA9100FAEA7E /* touch-icon-iphone-retina.png in Resources */ = {isa = PBXBuildFile; fileRef = BB6CC34618EDFA9100FAEA7E /* touch-icon-iphone-retina.png */; };
		BC58082F18EBED2100675691 /* star_done.png in Resources */ = {isa = PBXBuildFile; fileRef = BC58082B18EBED2100675691 /* star_done.png */; };
		BC58083018EBED2100675691 /* star_done@2x.png in Resources */ = {isa = PBXBuildFile; fileRef = BC58082C18EBED2100675691 /* star_done@2x.png */; };
		BC58083118EBED2100675691 /* star_ready.png in Resources */ = {isa = PBXBuildFile; fileRef = BC58082D18EBED2100675691 /* star_ready.png */; };
		BC58083218EBED2100675691 /* star_ready@2x.png in Resources */ = {isa = PBXBuildFile; fileRef = BC58082E18EBED2100675691 /* star_ready@2x.png */; };
		BC5839A618EADE4C00F1DCCD /* Foundation.framework in Frameworks */ = {isa = PBXBuildFile; fileRef = BC5839A518EADE4C00F1DCCD /* Foundation.framework */; };
		BC5839A818EADE4C00F1DCCD /* CoreGraphics.framework in Frameworks */ = {isa = PBXBuildFile; fileRef = BC5839A718EADE4C00F1DCCD /* CoreGraphics.framework */; };
		BC5839AA18EADE4C00F1DCCD /* UIKit.framework in Frameworks */ = {isa = PBXBuildFile; fileRef = BC5839A918EADE4C00F1DCCD /* UIKit.framework */; };
		BC5839B018EADE4C00F1DCCD /* InfoPlist.strings in Resources */ = {isa = PBXBuildFile; fileRef = BC5839AE18EADE4C00F1DCCD /* InfoPlist.strings */; };
		BC5839B218EADE4C00F1DCCD /* main.m in Sources */ = {isa = PBXBuildFile; fileRef = BC5839B118EADE4C00F1DCCD /* main.m */; };
		BC5839B618EADE4C00F1DCCD /* PRRAppDelegate.m in Sources */ = {isa = PBXBuildFile; fileRef = BC5839B518EADE4C00F1DCCD /* PRRAppDelegate.m */; };
		BC5839B918EADE4C00F1DCCD /* Main.storyboard in Resources */ = {isa = PBXBuildFile; fileRef = BC5839B718EADE4C00F1DCCD /* Main.storyboard */; };
		BC5839BC18EADE4C00F1DCCD /* PRRMasterViewController.m in Sources */ = {isa = PBXBuildFile; fileRef = BC5839BB18EADE4C00F1DCCD /* PRRMasterViewController.m */; };
		BC5839BF18EADE4C00F1DCCD /* PRRDetailViewController.m in Sources */ = {isa = PBXBuildFile; fileRef = BC5839BE18EADE4C00F1DCCD /* PRRDetailViewController.m */; };
		BC5839C118EADE4C00F1DCCD /* Images.xcassets in Resources */ = {isa = PBXBuildFile; fileRef = BC5839C018EADE4C00F1DCCD /* Images.xcassets */; };
		BC5839C818EADE4C00F1DCCD /* XCTest.framework in Frameworks */ = {isa = PBXBuildFile; fileRef = BC5839C718EADE4C00F1DCCD /* XCTest.framework */; };
		BC5839C918EADE4C00F1DCCD /* Foundation.framework in Frameworks */ = {isa = PBXBuildFile; fileRef = BC5839A518EADE4C00F1DCCD /* Foundation.framework */; };
		BC5839CA18EADE4C00F1DCCD /* UIKit.framework in Frameworks */ = {isa = PBXBuildFile; fileRef = BC5839A918EADE4C00F1DCCD /* UIKit.framework */; };
		BC5839D218EADE4C00F1DCCD /* InfoPlist.strings in Resources */ = {isa = PBXBuildFile; fileRef = BC5839D018EADE4C00F1DCCD /* InfoPlist.strings */; };
		BC5839D418EADE4C00F1DCCD /* ParisRssReaderTests.m in Sources */ = {isa = PBXBuildFile; fileRef = BC5839D318EADE4C00F1DCCD /* ParisRssReaderTests.m */; };
		BC5839EE18EAE1E000F1DCCD /* GTMNSString+HTML.m in Sources */ = {isa = PBXBuildFile; fileRef = BC5839E018EAE1E000F1DCCD /* GTMNSString+HTML.m */; };
		BC5839EF18EAE1E000F1DCCD /* MWFeedInfo.m in Sources */ = {isa = PBXBuildFile; fileRef = BC5839E218EAE1E000F1DCCD /* MWFeedInfo.m */; };
		BC5839F018EAE1E000F1DCCD /* MWFeedItem.m in Sources */ = {isa = PBXBuildFile; fileRef = BC5839E418EAE1E000F1DCCD /* MWFeedItem.m */; };
		BC5839F118EAE1E000F1DCCD /* MWFeedParser.m in Sources */ = {isa = PBXBuildFile; fileRef = BC5839E618EAE1E000F1DCCD /* MWFeedParser.m */; };
		BC5839F218EAE1E000F1DCCD /* NSDate+InternetDateTime.m in Sources */ = {isa = PBXBuildFile; fileRef = BC5839E918EAE1E000F1DCCD /* NSDate+InternetDateTime.m */; };
		BC5839F318EAE1E000F1DCCD /* NSString+HTML.m in Sources */ = {isa = PBXBuildFile; fileRef = BC5839EB18EAE1E000F1DCCD /* NSString+HTML.m */; };
		BC5839F418EAE1E000F1DCCD /* NSString+XMLEntities.m in Sources */ = {isa = PBXBuildFile; fileRef = BC5839ED18EAE1E000F1DCCD /* NSString+XMLEntities.m */; };
		BC5839F918EAE46E00F1DCCD /* RelativeDateDescriptor.m in Sources */ = {isa = PBXBuildFile; fileRef = BC5839F818EAE46E00F1DCCD /* RelativeDateDescriptor.m */; };
		BC583A1818EAE65B00F1DCCD /* MKAnnotationView+WebCache.m in Sources */ = {isa = PBXBuildFile; fileRef = BC5839FC18EAE65B00F1DCCD /* MKAnnotationView+WebCache.m */; };
		BC583A1918EAE65B00F1DCCD /* NSData+ImageContentType.m in Sources */ = {isa = PBXBuildFile; fileRef = BC5839FE18EAE65B00F1DCCD /* NSData+ImageContentType.m */; };
		BC583A1A18EAE65B00F1DCCD /* SDImageCache.m in Sources */ = {isa = PBXBuildFile; fileRef = BC583A0018EAE65B00F1DCCD /* SDImageCache.m */; };
		BC583A1B18EAE65B00F1DCCD /* SDWebImageCompat.m in Sources */ = {isa = PBXBuildFile; fileRef = BC583A0218EAE65B00F1DCCD /* SDWebImageCompat.m */; };
		BC583A1C18EAE65B00F1DCCD /* SDWebImageDecoder.m in Sources */ = {isa = PBXBuildFile; fileRef = BC583A0418EAE65B00F1DCCD /* SDWebImageDecoder.m */; };
		BC583A1D18EAE65B00F1DCCD /* SDWebImageDownloader.m in Sources */ = {isa = PBXBuildFile; fileRef = BC583A0618EAE65B00F1DCCD /* SDWebImageDownloader.m */; };
		BC583A1E18EAE65B00F1DCCD /* SDWebImageDownloaderOperation.m in Sources */ = {isa = PBXBuildFile; fileRef = BC583A0818EAE65B00F1DCCD /* SDWebImageDownloaderOperation.m */; };
		BC583A1F18EAE65B00F1DCCD /* SDWebImageManager.m in Sources */ = {isa = PBXBuildFile; fileRef = BC583A0A18EAE65B00F1DCCD /* SDWebImageManager.m */; };
		BC583A2018EAE65B00F1DCCD /* SDWebImagePrefetcher.m in Sources */ = {isa = PBXBuildFile; fileRef = BC583A0D18EAE65B00F1DCCD /* SDWebImagePrefetcher.m */; };
		BC583A2118EAE65B00F1DCCD /* UIButton+WebCache.m in Sources */ = {isa = PBXBuildFile; fileRef = BC583A0F18EAE65B00F1DCCD /* UIButton+WebCache.m */; };
		BC583A2218EAE65B00F1DCCD /* UIImage+GIF.m in Sources */ = {isa = PBXBuildFile; fileRef = BC583A1118EAE65B00F1DCCD /* UIImage+GIF.m */; };
		BC583A2318EAE65B00F1DCCD /* UIImage+MultiFormat.m in Sources */ = {isa = PBXBuildFile; fileRef = BC583A1318EAE65B00F1DCCD /* UIImage+MultiFormat.m */; };
		BC583A2418EAE65B00F1DCCD /* UIImage+WebP.m in Sources */ = {isa = PBXBuildFile; fileRef = BC583A1518EAE65B00F1DCCD /* UIImage+WebP.m */; };
		BC583A2518EAE65B00F1DCCD /* UIImageView+WebCache.m in Sources */ = {isa = PBXBuildFile; fileRef = BC583A1718EAE65B00F1DCCD /* UIImageView+WebCache.m */; };
		BC583A2918EAE79300F1DCCD /* no_camera_sign.png in Resources */ = {isa = PBXBuildFile; fileRef = BC583A2718EAE79300F1DCCD /* no_camera_sign.png */; };
		BC583A2A18EAE79300F1DCCD /* no_camera_sign@2x.png in Resources */ = {isa = PBXBuildFile; fileRef = BC583A2818EAE79300F1DCCD /* no_camera_sign@2x.png */; };
		BC583A2C18EAF25E00F1DCCD /* MessageUI.framework in Frameworks */ = {isa = PBXBuildFile; fileRef = BC583A2B18EAF25E00F1DCCD /* MessageUI.framework */; };
		BC583A3718EAF77100F1DCCD /* BButton.m in Sources */ = {isa = PBXBuildFile; fileRef = BC583A3018EAF77100F1DCCD /* BButton.m */; };
		BC583A3818EAF77100F1DCCD /* NSString+FontAwesome.m in Sources */ = {isa = PBXBuildFile; fileRef = BC583A3218EAF77100F1DCCD /* NSString+FontAwesome.m */; };
		BC583A3918EAF77100F1DCCD /* UIColor+BButton.m in Sources */ = {isa = PBXBuildFile; fileRef = BC583A3418EAF77100F1DCCD /* UIColor+BButton.m */; };
		BC583A3A18EAF77100F1DCCD /* FontAwesome.ttf in Resources */ = {isa = PBXBuildFile; fileRef = BC583A3618EAF77100F1DCCD /* FontAwesome.ttf */; };
/* End PBXBuildFile section */

/* Begin PBXContainerItemProxy section */
		BC5839CB18EADE4C00F1DCCD /* PBXContainerItemProxy */ = {
			isa = PBXContainerItemProxy;
			containerPortal = BC58399A18EADE4C00F1DCCD /* Project object */;
			proxyType = 1;
			remoteGlobalIDString = BC5839A118EADE4C00F1DCCD;
			remoteInfo = ParisRssReader;
		};
/* End PBXContainerItemProxy section */

/* Begin PBXFileReference section */
		BB6CC34618EDFA9100FAEA7E /* touch-icon-iphone-retina.png */ = {isa = PBXFileReference; lastKnownFileType = image.png; name = "touch-icon-iphone-retina.png"; path = "../../../Desktop/touch-icon-iphone-retina.png"; sourceTree = "<group>"; };
		BC58082B18EBED2100675691 /* star_done.png */ = {isa = PBXFileReference; lastKnownFileType = image.png; path = star_done.png; sourceTree = "<group>"; };
		BC58082C18EBED2100675691 /* star_done@2x.png */ = {isa = PBXFileReference; lastKnownFileType = image.png; path = "star_done@2x.png"; sourceTree = "<group>"; };
		BC58082D18EBED2100675691 /* star_ready.png */ = {isa = PBXFileReference; lastKnownFileType = image.png; path = star_ready.png; sourceTree = "<group>"; };
		BC58082E18EBED2100675691 /* star_ready@2x.png */ = {isa = PBXFileReference; lastKnownFileType = image.png; path = "star_ready@2x.png"; sourceTree = "<group>"; };
		BC5839A218EADE4C00F1DCCD /* ParisRssReader.app */ = {isa = PBXFileReference; explicitFileType = wrapper.application; includeInIndex = 0; path = ParisRssReader.app; sourceTree = BUILT_PRODUCTS_DIR; };
		BC5839A518EADE4C00F1DCCD /* Foundation.framework */ = {isa = PBXFileReference; lastKnownFileType = wrapper.framework; name = Foundation.framework; path = System/Library/Frameworks/Foundation.framework; sourceTree = SDKROOT; };
		BC5839A718EADE4C00F1DCCD /* CoreGraphics.framework */ = {isa = PBXFileReference; lastKnownFileType = wrapper.framework; name = CoreGraphics.framework; path = System/Library/Frameworks/CoreGraphics.framework; sourceTree = SDKROOT; };
		BC5839A918EADE4C00F1DCCD /* UIKit.framework */ = {isa = PBXFileReference; lastKnownFileType = wrapper.framework; name = UIKit.framework; path = System/Library/Frameworks/UIKit.framework; sourceTree = SDKROOT; };
		BC5839AD18EADE4C00F1DCCD /* ParisRssReader-Info.plist */ = {isa = PBXFileReference; lastKnownFileType = text.plist.xml; path = "ParisRssReader-Info.plist"; sourceTree = "<group>"; };
		BC5839AF18EADE4C00F1DCCD /* en */ = {isa = PBXFileReference; lastKnownFileType = text.plist.strings; name = en; path = en.lproj/InfoPlist.strings; sourceTree = "<group>"; };
		BC5839B118EADE4C00F1DCCD /* main.m */ = {isa = PBXFileReference; lastKnownFileType = sourcecode.c.objc; path = main.m; sourceTree = "<group>"; };
		BC5839B318EADE4C00F1DCCD /* ParisRssReader-Prefix.pch */ = {isa = PBXFileReference; lastKnownFileType = sourcecode.c.h; path = "ParisRssReader-Prefix.pch"; sourceTree = "<group>"; };
		BC5839B418EADE4C00F1DCCD /* PRRAppDelegate.h */ = {isa = PBXFileReference; lastKnownFileType = sourcecode.c.h; path = PRRAppDelegate.h; sourceTree = "<group>"; };
		BC5839B518EADE4C00F1DCCD /* PRRAppDelegate.m */ = {isa = PBXFileReference; lastKnownFileType = sourcecode.c.objc; path = PRRAppDelegate.m; sourceTree = "<group>"; };
		BC5839B818EADE4C00F1DCCD /* Base */ = {isa = PBXFileReference; lastKnownFileType = file.storyboard; name = Base; path = Base.lproj/Main.storyboard; sourceTree = "<group>"; };
		BC5839BA18EADE4C00F1DCCD /* PRRMasterViewController.h */ = {isa = PBXFileReference; lastKnownFileType = sourcecode.c.h; path = PRRMasterViewController.h; sourceTree = "<group>"; };
		BC5839BB18EADE4C00F1DCCD /* PRRMasterViewController.m */ = {isa = PBXFileReference; lastKnownFileType = sourcecode.c.objc; path = PRRMasterViewController.m; sourceTree = "<group>"; };
		BC5839BD18EADE4C00F1DCCD /* PRRDetailViewController.h */ = {isa = PBXFileReference; lastKnownFileType = sourcecode.c.h; path = PRRDetailViewController.h; sourceTree = "<group>"; };
		BC5839BE18EADE4C00F1DCCD /* PRRDetailViewController.m */ = {isa = PBXFileReference; lastKnownFileType = sourcecode.c.objc; path = PRRDetailViewController.m; sourceTree = "<group>"; };
		BC5839C018EADE4C00F1DCCD /* Images.xcassets */ = {isa = PBXFileReference; lastKnownFileType = folder.assetcatalog; path = Images.xcassets; sourceTree = "<group>"; };
		BC5839C618EADE4C00F1DCCD /* ParisRssReaderTests.xctest */ = {isa = PBXFileReference; explicitFileType = wrapper.cfbundle; includeInIndex = 0; path = ParisRssReaderTests.xctest; sourceTree = BUILT_PRODUCTS_DIR; };
		BC5839C718EADE4C00F1DCCD /* XCTest.framework */ = {isa = PBXFileReference; lastKnownFileType = wrapper.framework; name = XCTest.framework; path = Library/Frameworks/XCTest.framework; sourceTree = DEVELOPER_DIR; };
		BC5839CF18EADE4C00F1DCCD /* ParisRssReaderTests-Info.plist */ = {isa = PBXFileReference; lastKnownFileType = text.plist.xml; path = "ParisRssReaderTests-Info.plist"; sourceTree = "<group>"; };
		BC5839D118EADE4C00F1DCCD /* en */ = {isa = PBXFileReference; lastKnownFileType = text.plist.strings; name = en; path = en.lproj/InfoPlist.strings; sourceTree = "<group>"; };
		BC5839D318EADE4C00F1DCCD /* ParisRssReaderTests.m */ = {isa = PBXFileReference; lastKnownFileType = sourcecode.c.objc; path = ParisRssReaderTests.m; sourceTree = "<group>"; };
		BC5839DF18EAE1E000F1DCCD /* GTMNSString+HTML.h */ = {isa = PBXFileReference; fileEncoding = 4; lastKnownFileType = sourcecode.c.h; path = "GTMNSString+HTML.h"; sourceTree = "<group>"; };
		BC5839E018EAE1E000F1DCCD /* GTMNSString+HTML.m */ = {isa = PBXFileReference; fileEncoding = 4; lastKnownFileType = sourcecode.c.objc; path = "GTMNSString+HTML.m"; sourceTree = "<group>"; };
		BC5839E118EAE1E000F1DCCD /* MWFeedInfo.h */ = {isa = PBXFileReference; fileEncoding = 4; lastKnownFileType = sourcecode.c.h; path = MWFeedInfo.h; sourceTree = "<group>"; };
		BC5839E218EAE1E000F1DCCD /* MWFeedInfo.m */ = {isa = PBXFileReference; fileEncoding = 4; lastKnownFileType = sourcecode.c.objc; path = MWFeedInfo.m; sourceTree = "<group>"; };
		BC5839E318EAE1E000F1DCCD /* MWFeedItem.h */ = {isa = PBXFileReference; fileEncoding = 4; lastKnownFileType = sourcecode.c.h; path = MWFeedItem.h; sourceTree = "<group>"; };
		BC5839E418EAE1E000F1DCCD /* MWFeedItem.m */ = {isa = PBXFileReference; fileEncoding = 4; lastKnownFileType = sourcecode.c.objc; path = MWFeedItem.m; sourceTree = "<group>"; };
		BC5839E518EAE1E000F1DCCD /* MWFeedParser.h */ = {isa = PBXFileReference; fileEncoding = 4; lastKnownFileType = sourcecode.c.h; path = MWFeedParser.h; sourceTree = "<group>"; };
		BC5839E618EAE1E000F1DCCD /* MWFeedParser.m */ = {isa = PBXFileReference; fileEncoding = 4; lastKnownFileType = sourcecode.c.objc; path = MWFeedParser.m; sourceTree = "<group>"; };
		BC5839E718EAE1E000F1DCCD /* MWFeedParser_Private.h */ = {isa = PBXFileReference; fileEncoding = 4; lastKnownFileType = sourcecode.c.h; path = MWFeedParser_Private.h; sourceTree = "<group>"; };
		BC5839E818EAE1E000F1DCCD /* NSDate+InternetDateTime.h */ = {isa = PBXFileReference; fileEncoding = 4; lastKnownFileType = sourcecode.c.h; path = "NSDate+InternetDateTime.h"; sourceTree = "<group>"; };
		BC5839E918EAE1E000F1DCCD /* NSDate+InternetDateTime.m */ = {isa = PBXFileReference; fileEncoding = 4; lastKnownFileType = sourcecode.c.objc; path = "NSDate+InternetDateTime.m"; sourceTree = "<group>"; };
		BC5839EA18EAE1E000F1DCCD /* NSString+HTML.h */ = {isa = PBXFileReference; fileEncoding = 4; lastKnownFileType = sourcecode.c.h; path = "NSString+HTML.h"; sourceTree = "<group>"; };
		BC5839EB18EAE1E000F1DCCD /* NSString+HTML.m */ = {isa = PBXFileReference; fileEncoding = 4; lastKnownFileType = sourcecode.c.objc; path = "NSString+HTML.m"; sourceTree = "<group>"; };
		BC5839EC18EAE1E000F1DCCD /* NSString+XMLEntities.h */ = {isa = PBXFileReference; fileEncoding = 4; lastKnownFileType = sourcecode.c.h; path = "NSString+XMLEntities.h"; sourceTree = "<group>"; };
		BC5839ED18EAE1E000F1DCCD /* NSString+XMLEntities.m */ = {isa = PBXFileReference; fileEncoding = 4; lastKnownFileType = sourcecode.c.objc; path = "NSString+XMLEntities.m"; sourceTree = "<group>"; };
		BC5839F618EAE46E00F1DCCD /* RelativeDateDescriptor-Prefix.pch */ = {isa = PBXFileReference; fileEncoding = 4; lastKnownFileType = sourcecode.c.h; path = "RelativeDateDescriptor-Prefix.pch"; sourceTree = "<group>"; };
		BC5839F718EAE46E00F1DCCD /* RelativeDateDescriptor.h */ = {isa = PBXFileReference; fileEncoding = 4; lastKnownFileType = sourcecode.c.h; path = RelativeDateDescriptor.h; sourceTree = "<group>"; };
		BC5839F818EAE46E00F1DCCD /* RelativeDateDescriptor.m */ = {isa = PBXFileReference; fileEncoding = 4; lastKnownFileType = sourcecode.c.objc; path = RelativeDateDescriptor.m; sourceTree = "<group>"; };
		BC5839FB18EAE65B00F1DCCD /* MKAnnotationView+WebCache.h */ = {isa = PBXFileReference; fileEncoding = 4; lastKnownFileType = sourcecode.c.h; path = "MKAnnotationView+WebCache.h"; sourceTree = "<group>"; };
		BC5839FC18EAE65B00F1DCCD /* MKAnnotationView+WebCache.m */ = {isa = PBXFileReference; fileEncoding = 4; lastKnownFileType = sourcecode.c.objc; path = "MKAnnotationView+WebCache.m"; sourceTree = "<group>"; };
		BC5839FD18EAE65B00F1DCCD /* NSData+ImageContentType.h */ = {isa = PBXFileReference; fileEncoding = 4; lastKnownFileType = sourcecode.c.h; path = "NSData+ImageContentType.h"; sourceTree = "<group>"; };
		BC5839FE18EAE65B00F1DCCD /* NSData+ImageContentType.m */ = {isa = PBXFileReference; fileEncoding = 4; lastKnownFileType = sourcecode.c.objc; path = "NSData+ImageContentType.m"; sourceTree = "<group>"; };
		BC5839FF18EAE65B00F1DCCD /* SDImageCache.h */ = {isa = PBXFileReference; fileEncoding = 4; lastKnownFileType = sourcecode.c.h; path = SDImageCache.h; sourceTree = "<group>"; };
		BC583A0018EAE65B00F1DCCD /* SDImageCache.m */ = {isa = PBXFileReference; fileEncoding = 4; lastKnownFileType = sourcecode.c.objc; path = SDImageCache.m; sourceTree = "<group>"; };
		BC583A0118EAE65B00F1DCCD /* SDWebImageCompat.h */ = {isa = PBXFileReference; fileEncoding = 4; lastKnownFileType = sourcecode.c.h; path = SDWebImageCompat.h; sourceTree = "<group>"; };
		BC583A0218EAE65B00F1DCCD /* SDWebImageCompat.m */ = {isa = PBXFileReference; fileEncoding = 4; lastKnownFileType = sourcecode.c.objc; path = SDWebImageCompat.m; sourceTree = "<group>"; };
		BC583A0318EAE65B00F1DCCD /* SDWebImageDecoder.h */ = {isa = PBXFileReference; fileEncoding = 4; lastKnownFileType = sourcecode.c.h; path = SDWebImageDecoder.h; sourceTree = "<group>"; };
		BC583A0418EAE65B00F1DCCD /* SDWebImageDecoder.m */ = {isa = PBXFileReference; fileEncoding = 4; lastKnownFileType = sourcecode.c.objc; path = SDWebImageDecoder.m; sourceTree = "<group>"; };
		BC583A0518EAE65B00F1DCCD /* SDWebImageDownloader.h */ = {isa = PBXFileReference; fileEncoding = 4; lastKnownFileType = sourcecode.c.h; path = SDWebImageDownloader.h; sourceTree = "<group>"; };
		BC583A0618EAE65B00F1DCCD /* SDWebImageDownloader.m */ = {isa = PBXFileReference; fileEncoding = 4; lastKnownFileType = sourcecode.c.objc; path = SDWebImageDownloader.m; sourceTree = "<group>"; };
		BC583A0718EAE65B00F1DCCD /* SDWebImageDownloaderOperation.h */ = {isa = PBXFileReference; fileEncoding = 4; lastKnownFileType = sourcecode.c.h; path = SDWebImageDownloaderOperation.h; sourceTree = "<group>"; };
		BC583A0818EAE65B00F1DCCD /* SDWebImageDownloaderOperation.m */ = {isa = PBXFileReference; fileEncoding = 4; lastKnownFileType = sourcecode.c.objc; path = SDWebImageDownloaderOperation.m; sourceTree = "<group>"; };
		BC583A0918EAE65B00F1DCCD /* SDWebImageManager.h */ = {isa = PBXFileReference; fileEncoding = 4; lastKnownFileType = sourcecode.c.h; path = SDWebImageManager.h; sourceTree = "<group>"; };
		BC583A0A18EAE65B00F1DCCD /* SDWebImageManager.m */ = {isa = PBXFileReference; fileEncoding = 4; lastKnownFileType = sourcecode.c.objc; path = SDWebImageManager.m; sourceTree = "<group>"; };
		BC583A0B18EAE65B00F1DCCD /* SDWebImageOperation.h */ = {isa = PBXFileReference; fileEncoding = 4; lastKnownFileType = sourcecode.c.h; path = SDWebImageOperation.h; sourceTree = "<group>"; };
		BC583A0C18EAE65B00F1DCCD /* SDWebImagePrefetcher.h */ = {isa = PBXFileReference; fileEncoding = 4; lastKnownFileType = sourcecode.c.h; path = SDWebImagePrefetcher.h; sourceTree = "<group>"; };
		BC583A0D18EAE65B00F1DCCD /* SDWebImagePrefetcher.m */ = {isa = PBXFileReference; fileEncoding = 4; lastKnownFileType = sourcecode.c.objc; path = SDWebImagePrefetcher.m; sourceTree = "<group>"; };
		BC583A0E18EAE65B00F1DCCD /* UIButton+WebCache.h */ = {isa = PBXFileReference; fileEncoding = 4; lastKnownFileType = sourcecode.c.h; path = "UIButton+WebCache.h"; sourceTree = "<group>"; };
		BC583A0F18EAE65B00F1DCCD /* UIButton+WebCache.m */ = {isa = PBXFileReference; fileEncoding = 4; lastKnownFileType = sourcecode.c.objc; path = "UIButton+WebCache.m"; sourceTree = "<group>"; };
		BC583A1018EAE65B00F1DCCD /* UIImage+GIF.h */ = {isa = PBXFileReference; fileEncoding = 4; lastKnownFileType = sourcecode.c.h; path = "UIImage+GIF.h"; sourceTree = "<group>"; };
		BC583A1118EAE65B00F1DCCD /* UIImage+GIF.m */ = {isa = PBXFileReference; fileEncoding = 4; lastKnownFileType = sourcecode.c.objc; path = "UIImage+GIF.m"; sourceTree = "<group>"; };
		BC583A1218EAE65B00F1DCCD /* UIImage+MultiFormat.h */ = {isa = PBXFileReference; fileEncoding = 4; lastKnownFileType = sourcecode.c.h; path = "UIImage+MultiFormat.h"; sourceTree = "<group>"; };
		BC583A1318EAE65B00F1DCCD /* UIImage+MultiFormat.m */ = {isa = PBXFileReference; fileEncoding = 4; lastKnownFileType = sourcecode.c.objc; path = "UIImage+MultiFormat.m"; sourceTree = "<group>"; };
		BC583A1418EAE65B00F1DCCD /* UIImage+WebP.h */ = {isa = PBXFileReference; fileEncoding = 4; lastKnownFileType = sourcecode.c.h; path = "UIImage+WebP.h"; sourceTree = "<group>"; };
		BC583A1518EAE65B00F1DCCD /* UIImage+WebP.m */ = {isa = PBXFileReference; fileEncoding = 4; lastKnownFileType = sourcecode.c.objc; path = "UIImage+WebP.m"; sourceTree = "<group>"; };
		BC583A1618EAE65B00F1DCCD /* UIImageView+WebCache.h */ = {isa = PBXFileReference; fileEncoding = 4; lastKnownFileType = sourcecode.c.h; path = "UIImageView+WebCache.h"; sourceTree = "<group>"; };
		BC583A1718EAE65B00F1DCCD /* UIImageView+WebCache.m */ = {isa = PBXFileReference; fileEncoding = 4; lastKnownFileType = sourcecode.c.objc; path = "UIImageView+WebCache.m"; sourceTree = "<group>"; };
		BC583A2718EAE79300F1DCCD /* no_camera_sign.png */ = {isa = PBXFileReference; lastKnownFileType = image.png; path = no_camera_sign.png; sourceTree = "<group>"; };
		BC583A2818EAE79300F1DCCD /* no_camera_sign@2x.png */ = {isa = PBXFileReference; lastKnownFileType = image.png; path = "no_camera_sign@2x.png"; sourceTree = "<group>"; };
		BC583A2B18EAF25E00F1DCCD /* MessageUI.framework */ = {isa = PBXFileReference; lastKnownFileType = wrapper.framework; name = MessageUI.framework; path = System/Library/Frameworks/MessageUI.framework; sourceTree = SDKROOT; };
		BC583A2F18EAF77100F1DCCD /* BButton.h */ = {isa = PBXFileReference; fileEncoding = 4; lastKnownFileType = sourcecode.c.h; path = BButton.h; sourceTree = "<group>"; };
		BC583A3018EAF77100F1DCCD /* BButton.m */ = {isa = PBXFileReference; fileEncoding = 4; lastKnownFileType = sourcecode.c.objc; path = BButton.m; sourceTree = "<group>"; };
		BC583A3118EAF77100F1DCCD /* NSString+FontAwesome.h */ = {isa = PBXFileReference; fileEncoding = 4; lastKnownFileType = sourcecode.c.h; path = "NSString+FontAwesome.h"; sourceTree = "<group>"; };
		BC583A3218EAF77100F1DCCD /* NSString+FontAwesome.m */ = {isa = PBXFileReference; fileEncoding = 4; lastKnownFileType = sourcecode.c.objc; path = "NSString+FontAwesome.m"; sourceTree = "<group>"; };
		BC583A3318EAF77100F1DCCD /* UIColor+BButton.h */ = {isa = PBXFileReference; fileEncoding = 4; lastKnownFileType = sourcecode.c.h; path = "UIColor+BButton.h"; sourceTree = "<group>"; };
		BC583A3418EAF77100F1DCCD /* UIColor+BButton.m */ = {isa = PBXFileReference; fileEncoding = 4; lastKnownFileType = sourcecode.c.objc; path = "UIColor+BButton.m"; sourceTree = "<group>"; };
		BC583A3618EAF77100F1DCCD /* FontAwesome.ttf */ = {isa = PBXFileReference; lastKnownFileType = file; path = FontAwesome.ttf; sourceTree = "<group>"; };
/* End PBXFileReference section */

/* Begin PBXFrameworksBuildPhase section */
		BC58399F18EADE4C00F1DCCD /* Frameworks */ = {
			isa = PBXFrameworksBuildPhase;
			buildActionMask = 2147483647;
			files = (
				BC583A2C18EAF25E00F1DCCD /* MessageUI.framework in Frameworks */,
				BC5839A818EADE4C00F1DCCD /* CoreGraphics.framework in Frameworks */,
				BC5839AA18EADE4C00F1DCCD /* UIKit.framework in Frameworks */,
				BC5839A618EADE4C00F1DCCD /* Foundation.framework in Frameworks */,
			);
			runOnlyForDeploymentPostprocessing = 0;
		};
		BC5839C318EADE4C00F1DCCD /* Frameworks */ = {
			isa = PBXFrameworksBuildPhase;
			buildActionMask = 2147483647;
			files = (
				BC5839C818EADE4C00F1DCCD /* XCTest.framework in Frameworks */,
				BC5839CA18EADE4C00F1DCCD /* UIKit.framework in Frameworks */,
				BC5839C918EADE4C00F1DCCD /* Foundation.framework in Frameworks */,
			);
			runOnlyForDeploymentPostprocessing = 0;
		};
/* End PBXFrameworksBuildPhase section */

/* Begin PBXGroup section */
		BC58399918EADE4C00F1DCCD = {
			isa = PBXGroup;
			children = (
				BC5839AB18EADE4C00F1DCCD /* ParisRssReader */,
				BC5839CD18EADE4C00F1DCCD /* ParisRssReaderTests */,
				BC5839A418EADE4C00F1DCCD /* Frameworks */,
				BC5839A318EADE4C00F1DCCD /* Products */,
			);
			sourceTree = "<group>";
		};
		BC5839A318EADE4C00F1DCCD /* Products */ = {
			isa = PBXGroup;
			children = (
				BC5839A218EADE4C00F1DCCD /* ParisRssReader.app */,
				BC5839C618EADE4C00F1DCCD /* ParisRssReaderTests.xctest */,
			);
			name = Products;
			sourceTree = "<group>";
		};
		BC5839A418EADE4C00F1DCCD /* Frameworks */ = {
			isa = PBXGroup;
			children = (
				BC583A2B18EAF25E00F1DCCD /* MessageUI.framework */,
				BC5839A518EADE4C00F1DCCD /* Foundation.framework */,
				BC5839A718EADE4C00F1DCCD /* CoreGraphics.framework */,
				BC5839A918EADE4C00F1DCCD /* UIKit.framework */,
				BC5839C718EADE4C00F1DCCD /* XCTest.framework */,
			);
			name = Frameworks;
			sourceTree = "<group>";
		};
		BC5839AB18EADE4C00F1DCCD /* ParisRssReader */ = {
			isa = PBXGroup;
			children = (
				BC583A2618EAE79300F1DCCD /* Resource */,
				BC5839DD18EAE1E000F1DCCD /* Vendor */,
				BC5839B418EADE4C00F1DCCD /* PRRAppDelegate.h */,
				BC5839B518EADE4C00F1DCCD /* PRRAppDelegate.m */,
				BC5839B718EADE4C00F1DCCD /* Main.storyboard */,
				BC5839BA18EADE4C00F1DCCD /* PRRMasterViewController.h */,
				BC5839BB18EADE4C00F1DCCD /* PRRMasterViewController.m */,
				BC5839BD18EADE4C00F1DCCD /* PRRDetailViewController.h */,
				BC5839BE18EADE4C00F1DCCD /* PRRDetailViewController.m */,
				BC5839C018EADE4C00F1DCCD /* Images.xcassets */,
				BB6CC34618EDFA9100FAEA7E /* touch-icon-iphone-retina.png */,
				BC5839AC18EADE4C00F1DCCD /* Supporting Files */,
			);
			path = ParisRssReader;
			sourceTree = "<group>";
		};
		BC5839AC18EADE4C00F1DCCD /* Supporting Files */ = {
			isa = PBXGroup;
			children = (
				BC5839AD18EADE4C00F1DCCD /* ParisRssReader-Info.plist */,
				BC5839AE18EADE4C00F1DCCD /* InfoPlist.strings */,
				BC5839B118EADE4C00F1DCCD /* main.m */,
				BC5839B318EADE4C00F1DCCD /* ParisRssReader-Prefix.pch */,
			);
			name = "Supporting Files";
			sourceTree = "<group>";
		};
		BC5839CD18EADE4C00F1DCCD /* ParisRssReaderTests */ = {
			isa = PBXGroup;
			children = (
				BC5839D318EADE4C00F1DCCD /* ParisRssReaderTests.m */,
				BC5839CE18EADE4C00F1DCCD /* Supporting Files */,
			);
			path = ParisRssReaderTests;
			sourceTree = "<group>";
		};
		BC5839CE18EADE4C00F1DCCD /* Supporting Files */ = {
			isa = PBXGroup;
			children = (
				BC5839CF18EADE4C00F1DCCD /* ParisRssReaderTests-Info.plist */,
				BC5839D018EADE4C00F1DCCD /* InfoPlist.strings */,
			);
			name = "Supporting Files";
			sourceTree = "<group>";
		};
		BC5839DD18EAE1E000F1DCCD /* Vendor */ = {
			isa = PBXGroup;
			children = (
				BC583A2D18EAF77100F1DCCD /* BButton */,
				BC5839FA18EAE65B00F1DCCD /* SDWebImage */,
				BC5839F518EAE46E00F1DCCD /* RelativeDateDescriptor */,
				BC5839DE18EAE1E000F1DCCD /* MWFeed */,
			);
			path = Vendor;
			sourceTree = "<group>";
		};
		BC5839DE18EAE1E000F1DCCD /* MWFeed */ = {
			isa = PBXGroup;
			children = (
				BC5839DF18EAE1E000F1DCCD /* GTMNSString+HTML.h */,
				BC5839E018EAE1E000F1DCCD /* GTMNSString+HTML.m */,
				BC5839E118EAE1E000F1DCCD /* MWFeedInfo.h */,
				BC5839E218EAE1E000F1DCCD /* MWFeedInfo.m */,
				BC5839E318EAE1E000F1DCCD /* MWFeedItem.h */,
				BC5839E418EAE1E000F1DCCD /* MWFeedItem.m */,
				BC5839E518EAE1E000F1DCCD /* MWFeedParser.h */,
				BC5839E618EAE1E000F1DCCD /* MWFeedParser.m */,
				BC5839E718EAE1E000F1DCCD /* MWFeedParser_Private.h */,
				BC5839E818EAE1E000F1DCCD /* NSDate+InternetDateTime.h */,
				BC5839E918EAE1E000F1DCCD /* NSDate+InternetDateTime.m */,
				BC5839EA18EAE1E000F1DCCD /* NSString+HTML.h */,
				BC5839EB18EAE1E000F1DCCD /* NSString+HTML.m */,
				BC5839EC18EAE1E000F1DCCD /* NSString+XMLEntities.h */,
				BC5839ED18EAE1E000F1DCCD /* NSString+XMLEntities.m */,
			);
			path = MWFeed;
			sourceTree = "<group>";
		};
		BC5839F518EAE46E00F1DCCD /* RelativeDateDescriptor */ = {
			isa = PBXGroup;
			children = (
				BC5839F618EAE46E00F1DCCD /* RelativeDateDescriptor-Prefix.pch */,
				BC5839F718EAE46E00F1DCCD /* RelativeDateDescriptor.h */,
				BC5839F818EAE46E00F1DCCD /* RelativeDateDescriptor.m */,
			);
			path = RelativeDateDescriptor;
			sourceTree = "<group>";
		};
		BC5839FA18EAE65B00F1DCCD /* SDWebImage */ = {
			isa = PBXGroup;
			children = (
				BC5839FB18EAE65B00F1DCCD /* MKAnnotationView+WebCache.h */,
				BC5839FC18EAE65B00F1DCCD /* MKAnnotationView+WebCache.m */,
				BC5839FD18EAE65B00F1DCCD /* NSData+ImageContentType.h */,
				BC5839FE18EAE65B00F1DCCD /* NSData+ImageContentType.m */,
				BC5839FF18EAE65B00F1DCCD /* SDImageCache.h */,
				BC583A0018EAE65B00F1DCCD /* SDImageCache.m */,
				BC583A0118EAE65B00F1DCCD /* SDWebImageCompat.h */,
				BC583A0218EAE65B00F1DCCD /* SDWebImageCompat.m */,
				BC583A0318EAE65B00F1DCCD /* SDWebImageDecoder.h */,
				BC583A0418EAE65B00F1DCCD /* SDWebImageDecoder.m */,
				BC583A0518EAE65B00F1DCCD /* SDWebImageDownloader.h */,
				BC583A0618EAE65B00F1DCCD /* SDWebImageDownloader.m */,
				BC583A0718EAE65B00F1DCCD /* SDWebImageDownloaderOperation.h */,
				BC583A0818EAE65B00F1DCCD /* SDWebImageDownloaderOperation.m */,
				BC583A0918EAE65B00F1DCCD /* SDWebImageManager.h */,
				BC583A0A18EAE65B00F1DCCD /* SDWebImageManager.m */,
				BC583A0B18EAE65B00F1DCCD /* SDWebImageOperation.h */,
				BC583A0C18EAE65B00F1DCCD /* SDWebImagePrefetcher.h */,
				BC583A0D18EAE65B00F1DCCD /* SDWebImagePrefetcher.m */,
				BC583A0E18EAE65B00F1DCCD /* UIButton+WebCache.h */,
				BC583A0F18EAE65B00F1DCCD /* UIButton+WebCache.m */,
				BC583A1018EAE65B00F1DCCD /* UIImage+GIF.h */,
				BC583A1118EAE65B00F1DCCD /* UIImage+GIF.m */,
				BC583A1218EAE65B00F1DCCD /* UIImage+MultiFormat.h */,
				BC583A1318EAE65B00F1DCCD /* UIImage+MultiFormat.m */,
				BC583A1418EAE65B00F1DCCD /* UIImage+WebP.h */,
				BC583A1518EAE65B00F1DCCD /* UIImage+WebP.m */,
				BC583A1618EAE65B00F1DCCD /* UIImageView+WebCache.h */,
				BC583A1718EAE65B00F1DCCD /* UIImageView+WebCache.m */,
			);
			path = SDWebImage;
			sourceTree = "<group>";
		};
		BC583A2618EAE79300F1DCCD /* Resource */ = {
			isa = PBXGroup;
			children = (
				BC58082B18EBED2100675691 /* star_done.png */,
				BC58082C18EBED2100675691 /* star_done@2x.png */,
				BC58082D18EBED2100675691 /* star_ready.png */,
				BC58082E18EBED2100675691 /* star_ready@2x.png */,
				BC583A2718EAE79300F1DCCD /* no_camera_sign.png */,
				BC583A2818EAE79300F1DCCD /* no_camera_sign@2x.png */,
			);
			path = Resource;
			sourceTree = "<group>";
		};
		BC583A2D18EAF77100F1DCCD /* BButton */ = {
			isa = PBXGroup;
			children = (
				BC583A2E18EAF77100F1DCCD /* Classes */,
				BC583A3518EAF77100F1DCCD /* resources */,
			);
			path = BButton;
			sourceTree = "<group>";
		};
		BC583A2E18EAF77100F1DCCD /* Classes */ = {
			isa = PBXGroup;
			children = (
				BC583A2F18EAF77100F1DCCD /* BButton.h */,
				BC583A3018EAF77100F1DCCD /* BButton.m */,
				BC583A3118EAF77100F1DCCD /* NSString+FontAwesome.h */,
				BC583A3218EAF77100F1DCCD /* NSString+FontAwesome.m */,
				BC583A3318EAF77100F1DCCD /* UIColor+BButton.h */,
				BC583A3418EAF77100F1DCCD /* UIColor+BButton.m */,
			);
			path = Classes;
			sourceTree = "<group>";
		};
		BC583A3518EAF77100F1DCCD /* resources */ = {
			isa = PBXGroup;
			children = (
				BC583A3618EAF77100F1DCCD /* FontAwesome.ttf */,
			);
			path = resources;
			sourceTree = "<group>";
		};
/* End PBXGroup section */

/* Begin PBXNativeTarget section */
		BC5839A118EADE4C00F1DCCD /* ParisRssReader */ = {
			isa = PBXNativeTarget;
			buildConfigurationList = BC5839D718EADE4C00F1DCCD /* Build configuration list for PBXNativeTarget "ParisRssReader" */;
			buildPhases = (
				BC58399E18EADE4C00F1DCCD /* Sources */,
				BC58399F18EADE4C00F1DCCD /* Frameworks */,
				BC5839A018EADE4C00F1DCCD /* Resources */,
			);
			buildRules = (
			);
			dependencies = (
			);
			name = ParisRssReader;
			productName = ParisRssReader;
			productReference = BC5839A218EADE4C00F1DCCD /* ParisRssReader.app */;
			productType = "com.apple.product-type.application";
		};
		BC5839C518EADE4C00F1DCCD /* ParisRssReaderTests */ = {
			isa = PBXNativeTarget;
			buildConfigurationList = BC5839DA18EADE4C00F1DCCD /* Build configuration list for PBXNativeTarget "ParisRssReaderTests" */;
			buildPhases = (
				BC5839C218EADE4C00F1DCCD /* Sources */,
				BC5839C318EADE4C00F1DCCD /* Frameworks */,
				BC5839C418EADE4C00F1DCCD /* Resources */,
			);
			buildRules = (
			);
			dependencies = (
				BC5839CC18EADE4C00F1DCCD /* PBXTargetDependency */,
			);
			name = ParisRssReaderTests;
			productName = ParisRssReaderTests;
			productReference = BC5839C618EADE4C00F1DCCD /* ParisRssReaderTests.xctest */;
			productType = "com.apple.product-type.bundle.unit-test";
		};
/* End PBXNativeTarget section */

/* Begin PBXProject section */
		BC58399A18EADE4C00F1DCCD /* Project object */ = {
			isa = PBXProject;
			attributes = {
				CLASSPREFIX = "";
				LastUpgradeCheck = 0510;
				ORGANIZATIONNAME = EPITA;
				TargetAttributes = {
					BC5839C518EADE4C00F1DCCD = {
						TestTargetID = BC5839A118EADE4C00F1DCCD;
					};
				};
			};
			buildConfigurationList = BC58399D18EADE4C00F1DCCD /* Build configuration list for PBXProject "ParisRssReader" */;
			compatibilityVersion = "Xcode 3.2";
			developmentRegion = English;
			hasScannedForEncodings = 0;
			knownRegions = (
				en,
				Base,
			);
			mainGroup = BC58399918EADE4C00F1DCCD;
			productRefGroup = BC5839A318EADE4C00F1DCCD /* Products */;
			projectDirPath = "";
			projectRoot = "";
			targets = (
				BC5839A118EADE4C00F1DCCD /* ParisRssReader */,
				BC5839C518EADE4C00F1DCCD /* ParisRssReaderTests */,
			);
		};
/* End PBXProject section */

/* Begin PBXResourcesBuildPhase section */
		BC5839A018EADE4C00F1DCCD /* Resources */ = {
			isa = PBXResourcesBuildPhase;
			buildActionMask = 2147483647;
			files = (
				BB6CC34718EDFA9100FAEA7E /* touch-icon-iphone-retina.png in Resources */,
				BC58083218EBED2100675691 /* star_ready@2x.png in Resources */,
				BC58082F18EBED2100675691 /* star_done.png in Resources */,
				BC5839C118EADE4C00F1DCCD /* Images.xcassets in Resources */,
				BC5839B018EADE4C00F1DCCD /* InfoPlist.strings in Resources */,
				BC583A2A18EAE79300F1DCCD /* no_camera_sign@2x.png in Resources */,
				BC58083018EBED2100675691 /* star_done@2x.png in Resources */,
				BC583A2918EAE79300F1DCCD /* no_camera_sign.png in Resources */,
				BC58083118EBED2100675691 /* star_ready.png in Resources */,
				BC5839B918EADE4C00F1DCCD /* Main.storyboard in Resources */,
				BC583A3A18EAF77100F1DCCD /* FontAwesome.ttf in Resources */,
			);
			runOnlyForDeploymentPostprocessing = 0;
		};
		BC5839C418EADE4C00F1DCCD /* Resources */ = {
			isa = PBXResourcesBuildPhase;
			buildActionMask = 2147483647;
			files = (
				BC5839D218EADE4C00F1DCCD /* InfoPlist.strings in Resources */,
			);
			runOnlyForDeploymentPostprocessing = 0;
		};
/* End PBXResourcesBuildPhase section */

/* Begin PBXSourcesBuildPhase section */
		BC58399E18EADE4C00F1DCCD /* Sources */ = {
			isa = PBXSourcesBuildPhase;
			buildActionMask = 2147483647;
			files = (
				BC583A3818EAF77100F1DCCD /* NSString+FontAwesome.m in Sources */,
				BC5839B218EADE4C00F1DCCD /* main.m in Sources */,
				BC5839B618EADE4C00F1DCCD /* PRRAppDelegate.m in Sources */,
				BC583A2418EAE65B00F1DCCD /* UIImage+WebP.m in Sources */,
				BC5839F318EAE1E000F1DCCD /* NSString+HTML.m in Sources */,
				BC583A2118EAE65B00F1DCCD /* UIButton+WebCache.m in Sources */,
				BC583A1E18EAE65B00F1DCCD /* SDWebImageDownloaderOperation.m in Sources */,
				BC5839F018EAE1E000F1DCCD /* MWFeedItem.m in Sources */,
				BC583A1A18EAE65B00F1DCCD /* SDImageCache.m in Sources */,
				BC583A1918EAE65B00F1DCCD /* NSData+ImageContentType.m in Sources */,
				BC5839F918EAE46E00F1DCCD /* RelativeDateDescriptor.m in Sources */,
				BC583A1C18EAE65B00F1DCCD /* SDWebImageDecoder.m in Sources */,
				BC5839EE18EAE1E000F1DCCD /* GTMNSString+HTML.m in Sources */,
				BC5839BF18EADE4C00F1DCCD /* PRRDetailViewController.m in Sources */,
				BC583A1D18EAE65B00F1DCCD /* SDWebImageDownloader.m in Sources */,
				BC583A2518EAE65B00F1DCCD /* UIImageView+WebCache.m in Sources */,
				BC583A1B18EAE65B00F1DCCD /* SDWebImageCompat.m in Sources */,
				BC5839F418EAE1E000F1DCCD /* NSString+XMLEntities.m in Sources */,
				BC583A2218EAE65B00F1DCCD /* UIImage+GIF.m in Sources */,
				BC583A2318EAE65B00F1DCCD /* UIImage+MultiFormat.m in Sources */,
				BC5839BC18EADE4C00F1DCCD /* PRRMasterViewController.m in Sources */,
				BC583A2018EAE65B00F1DCCD /* SDWebImagePrefetcher.m in Sources */,
				BC5839F118EAE1E000F1DCCD /* MWFeedParser.m in Sources */,
				BC583A1818EAE65B00F1DCCD /* MKAnnotationView+WebCache.m in Sources */,
				BC583A3718EAF77100F1DCCD /* BButton.m in Sources */,
				BC583A1F18EAE65B00F1DCCD /* SDWebImageManager.m in Sources */,
				BC5839F218EAE1E000F1DCCD /* NSDate+InternetDateTime.m in Sources */,
				BC583A3918EAF77100F1DCCD /* UIColor+BButton.m in Sources */,
				BC5839EF18EAE1E000F1DCCD /* MWFeedInfo.m in Sources */,
			);
			runOnlyForDeploymentPostprocessing = 0;
		};
		BC5839C218EADE4C00F1DCCD /* Sources */ = {
			isa = PBXSourcesBuildPhase;
			buildActionMask = 2147483647;
			files = (
				BC5839D418EADE4C00F1DCCD /* ParisRssReaderTests.m in Sources */,
			);
			runOnlyForDeploymentPostprocessing = 0;
		};
/* End PBXSourcesBuildPhase section */

/* Begin PBXTargetDependency section */
		BC5839CC18EADE4C00F1DCCD /* PBXTargetDependency */ = {
			isa = PBXTargetDependency;
			target = BC5839A118EADE4C00F1DCCD /* ParisRssReader */;
			targetProxy = BC5839CB18EADE4C00F1DCCD /* PBXContainerItemProxy */;
		};
/* End PBXTargetDependency section */

/* Begin PBXVariantGroup section */
		BC5839AE18EADE4C00F1DCCD /* InfoPlist.strings */ = {
			isa = PBXVariantGroup;
			children = (
				BC5839AF18EADE4C00F1DCCD /* en */,
			);
			name = InfoPlist.strings;
			sourceTree = "<group>";
		};
		BC5839B718EADE4C00F1DCCD /* Main.storyboard */ = {
			isa = PBXVariantGroup;
			children = (
				BC5839B818EADE4C00F1DCCD /* Base */,
			);
			name = Main.storyboard;
			sourceTree = "<group>";
		};
		BC5839D018EADE4C00F1DCCD /* InfoPlist.strings */ = {
			isa = PBXVariantGroup;
			children = (
				BC5839D118EADE4C00F1DCCD /* en */,
			);
			name = InfoPlist.strings;
			sourceTree = "<group>";
		};
/* End PBXVariantGroup section */

/* Begin XCBuildConfiguration section */
		BC5839D518EADE4C00F1DCCD /* Debug */ = {
			isa = XCBuildConfiguration;
			buildSettings = {
				ALWAYS_SEARCH_USER_PATHS = NO;
				CLANG_CXX_LANGUAGE_STANDARD = "gnu++0x";
				CLANG_CXX_LIBRARY = "libc++";
				CLANG_ENABLE_MODULES = YES;
				CLANG_ENABLE_OBJC_ARC = YES;
				CLANG_WARN_BOOL_CONVERSION = YES;
				CLANG_WARN_CONSTANT_CONVERSION = YES;
				CLANG_WARN_DIRECT_OBJC_ISA_USAGE = YES_ERROR;
				CLANG_WARN_EMPTY_BODY = YES;
				CLANG_WARN_ENUM_CONVERSION = YES;
				CLANG_WARN_INT_CONVERSION = YES;
				CLANG_WARN_OBJC_ROOT_CLASS = YES_ERROR;
				CLANG_WARN__DUPLICATE_METHOD_MATCH = YES;
				"CODE_SIGN_IDENTITY[sdk=iphoneos*]" = "";
				COPY_PHASE_STRIP = NO;
				GCC_C_LANGUAGE_STANDARD = gnu99;
				GCC_DYNAMIC_NO_PIC = NO;
				GCC_OPTIMIZATION_LEVEL = 0;
				GCC_PREPROCESSOR_DEFINITIONS = (
					"DEBUG=1",
					"$(inherited)",
				);
				GCC_SYMBOLS_PRIVATE_EXTERN = NO;
				GCC_WARN_64_TO_32_BIT_CONVERSION = YES;
				GCC_WARN_ABOUT_RETURN_TYPE = YES_ERROR;
				GCC_WARN_UNDECLARED_SELECTOR = YES;
				GCC_WARN_UNINITIALIZED_AUTOS = YES_AGGRESSIVE;
				GCC_WARN_UNUSED_FUNCTION = YES;
				GCC_WARN_UNUSED_VARIABLE = YES;
				IPHONEOS_DEPLOYMENT_TARGET = 7.1;
				ONLY_ACTIVE_ARCH = YES;
				SDKROOT = iphoneos;
			};
			name = Debug;
		};
		BC5839D618EADE4C00F1DCCD /* Release */ = {
			isa = XCBuildConfiguration;
			buildSettings = {
				ALWAYS_SEARCH_USER_PATHS = NO;
				CLANG_CXX_LANGUAGE_STANDARD = "gnu++0x";
				CLANG_CXX_LIBRARY = "libc++";
				CLANG_ENABLE_MODULES = YES;
				CLANG_ENABLE_OBJC_ARC = YES;
				CLANG_WARN_BOOL_CONVERSION = YES;
				CLANG_WARN_CONSTANT_CONVERSION = YES;
				CLANG_WARN_DIRECT_OBJC_ISA_USAGE = YES_ERROR;
				CLANG_WARN_EMPTY_BODY = YES;
				CLANG_WARN_ENUM_CONVERSION = YES;
				CLANG_WARN_INT_CONVERSION = YES;
				CLANG_WARN_OBJC_ROOT_CLASS = YES_ERROR;
				CLANG_WARN__DUPLICATE_METHOD_MATCH = YES;
				"CODE_SIGN_IDENTITY[sdk=iphoneos*]" = "";
				COPY_PHASE_STRIP = YES;
				ENABLE_NS_ASSERTIONS = NO;
				GCC_C_LANGUAGE_STANDARD = gnu99;
				GCC_WARN_64_TO_32_BIT_CONVERSION = YES;
				GCC_WARN_ABOUT_RETURN_TYPE = YES_ERROR;
				GCC_WARN_UNDECLARED_SELECTOR = YES;
				GCC_WARN_UNINITIALIZED_AUTOS = YES_AGGRESSIVE;
				GCC_WARN_UNUSED_FUNCTION = YES;
				GCC_WARN_UNUSED_VARIABLE = YES;
				IPHONEOS_DEPLOYMENT_TARGET = 7.1;
				SDKROOT = iphoneos;
				VALIDATE_PRODUCT = YES;
			};
			name = Release;
		};
		BC5839D818EADE4C00F1DCCD /* Debug */ = {
			isa = XCBuildConfiguration;
			buildSettings = {
				ASSETCATALOG_COMPILER_APPICON_NAME = AppIcon;
				ASSETCATALOG_COMPILER_LAUNCHIMAGE_NAME = LaunchImage;
				"CODE_SIGN_IDENTITY[sdk=iphoneos*]" = "";
				GCC_PRECOMPILE_PREFIX_HEADER = YES;
				GCC_PREFIX_HEADER = "ParisRssReader/ParisRssReader-Prefix.pch";
				INFOPLIST_FILE = "ParisRssReader/ParisRssReader-Info.plist";
				IPHONEOS_DEPLOYMENT_TARGET = 7.0;
				PRODUCT_NAME = "$(TARGET_NAME)";
				WRAPPER_EXTENSION = app;
			};
			name = Debug;
		};
		BC5839D918EADE4C00F1DCCD /* Release */ = {
			isa = XCBuildConfiguration;
			buildSettings = {
				ASSETCATALOG_COMPILER_APPICON_NAME = AppIcon;
				ASSETCATALOG_COMPILER_LAUNCHIMAGE_NAME = LaunchImage;
				"CODE_SIGN_IDENTITY[sdk=iphoneos*]" = "";
				GCC_PRECOMPILE_PREFIX_HEADER = YES;
				GCC_PREFIX_HEADER = "ParisRssReader/ParisRssReader-Prefix.pch";
				INFOPLIST_FILE = "ParisRssReader/ParisRssReader-Info.plist";
				IPHONEOS_DEPLOYMENT_TARGET = 7.0;
				PRODUCT_NAME = "$(TARGET_NAME)";
				WRAPPER_EXTENSION = app;
			};
			name = Release;
		};
		BC5839DB18EADE4C00F1DCCD /* Debug */ = {
			isa = XCBuildConfiguration;
			buildSettings = {
				BUNDLE_LOADER = "$(BUILT_PRODUCTS_DIR)/ParisRssReader.app/ParisRssReader";
				FRAMEWORK_SEARCH_PATHS = (
					"$(SDKROOT)/Developer/Library/Frameworks",
					"$(inherited)",
					"$(DEVELOPER_FRAMEWORKS_DIR)",
				);
				GCC_PRECOMPILE_PREFIX_HEADER = YES;
				GCC_PREFIX_HEADER = "ParisRssReader/ParisRssReader-Prefix.pch";
				GCC_PREPROCESSOR_DEFINITIONS = (
					"DEBUG=1",
					"$(inherited)",
				);
				INFOPLIST_FILE = "ParisRssReaderTests/ParisRssReaderTests-Info.plist";
				IPHONEOS_DEPLOYMENT_TARGET = 7.0;
				PRODUCT_NAME = "$(TARGET_NAME)";
				TEST_HOST = "$(BUNDLE_LOADER)";
				WRAPPER_EXTENSION = xctest;
			};
			name = Debug;
		};
		BC5839DC18EADE4C00F1DCCD /* Release */ = {
			isa = XCBuildConfiguration;
			buildSettings = {
				BUNDLE_LOADER = "$(BUILT_PRODUCTS_DIR)/ParisRssReader.app/ParisRssReader";
				FRAMEWORK_SEARCH_PATHS = (
					"$(SDKROOT)/Developer/Library/Frameworks",
					"$(inherited)",
					"$(DEVELOPER_FRAMEWORKS_DIR)",
				);
				GCC_PRECOMPILE_PREFIX_HEADER = YES;
				GCC_PREFIX_HEADER = "ParisRssReader/ParisRssReader-Prefix.pch";
				INFOPLIST_FILE = "ParisRssReaderTests/ParisRssReaderTests-Info.plist";
				IPHONEOS_DEPLOYMENT_TARGET = 7.0;
				PRODUCT_NAME = "$(TARGET_NAME)";
				TEST_HOST = "$(BUNDLE_LOADER)";
				WRAPPER_EXTENSION = xctest;
			};
			name = Release;
		};
/* End XCBuildConfiguration section */

/* Begin XCConfigurationList section */
		BC58399D18EADE4C00F1DCCD /* Build configuration list for PBXProject "ParisRssReader" */ = {
			isa = XCConfigurationList;
			buildConfigurations = (
				BC5839D518EADE4C00F1DCCD /* Debug */,
				BC5839D618EADE4C00F1DCCD /* Release */,
			);
			defaultConfigurationIsVisible = 0;
			defaultConfigurationName = Release;
		};
		BC5839D718EADE4C00F1DCCD /* Build configuration list for PBXNativeTarget "ParisRssReader" */ = {
			isa = XCConfigurationList;
			buildConfigurations = (
				BC5839D818EADE4C00F1DCCD /* Debug */,
				BC5839D918EADE4C00F1DCCD /* Release */,
			);
			defaultConfigurationIsVisible = 0;
			defaultConfigurationName = Release;
		};
		BC5839DA18EADE4C00F1DCCD /* Build configuration list for PBXNativeTarget "ParisRssReaderTests" */ = {
			isa = XCConfigurationList;
			buildConfigurations = (
				BC5839DB18EADE4C00F1DCCD /* Debug */,
				BC5839DC18EADE4C00F1DCCD /* Release */,
			);
			defaultConfigurationIsVisible = 0;
			defaultConfigurationName = Release;
		};
/* End XCConfigurationList section */
	};
	rootObject = BC58399A18EADE4C00F1DCCD /* Project object */;
}
